
Microsoft Visual Studio Solution File, Format Version 12.00
# Visual Studio Version 16
VisualStudioVersion = 16.0.32413.511
MinimumVisualStudioVersion = 10.0.40219.1
Project("{FAE04EC0-301F-11D3-BF4B-00C04F79EFBC}") = "Part 3 Comparison", "Part 3 Comparison\Part 3 Comparison.csproj", "{6BB6761F-92D9-452B-B1D1-CFCF75A22844}"
EndProject
Global
	GlobalSection(SolutionConfigurationPlatforms) = preSolution
		Debug|Any CPU = Debug|Any CPU
		Release|Any CPU = Release|Any CPU
	EndGlobalSection
	GlobalSection(ProjectConfigurationPlatforms) = postSolution
		{6BB6761F-92D9-452B-B1D1-CFCF75A22844}.Debug|Any CPU.ActiveCfg = Debug|Any CPU
		{6BB6761F-92D9-452B-B1D1-CFCF75A22844}.Debug|Any CPU.Build.0 = Debug|Any CPU
		{6BB6761F-92D9-452B-B1D1-CFCF75A22844}.Release|Any CPU.ActiveCfg = Release|Any CPU
		{6BB6761F-92D9-452B-B1D1-CFCF75A22844}.Release|Any CPU.Build.0 = Release|Any CPU
	EndGlobalSection
	GlobalSection(SolutionProperties) = preSolution
		HideSolutionNode = FALSE
	EndGlobalSection
	GlobalSection(ExtensibilityGlobals) = postSolution
		SolutionGuid = {D1032A77-428F-4856-A218-FCA6E64553FD}
	EndGlobalSection
EndGlobal
